
Microsoft Visual Studio Solution File, Format Version 12.00
# Visual Studio Version 17
VisualStudioVersion = 17.5.002.0
MinimumVisualStudioVersion = 10.0.40219.1
Project("{9A19103F-16F7-4668-BE54-9A1E7A4F7556}") = "ConsoleApp", "ConsoleApp.csproj", "{0115FF6C-162D-4909-BA64-B78A5922E90B}"
EndProject
Global
	GlobalSection(SolutionConfigurationPlatforms) = preSolution
		Debug|Any CPU = Debug|Any CPU
		Release|Any CPU = Release|Any CPU
	EndGlobalSection
	GlobalSection(ProjectConfigurationPlatforms) = postSolution
		{0115FF6C-162D-4909-BA64-B78A5922E90B}.Debug|Any CPU.ActiveCfg = Debug|Any CPU
		{0115FF6C-162D-4909-BA64-B78A5922E90B}.Debug|Any CPU.Build.0 = Debug|Any CPU
		{0115FF6C-162D-4909-BA64-B78A5922E90B}.Release|Any CPU.ActiveCfg = Release|Any CPU
		{0115FF6C-162D-4909-BA64-B78A5922E90B}.Release|Any CPU.Build.0 = Release|Any CPU
	EndGlobalSection
	GlobalSection(SolutionProperties) = preSolution
		HideSolutionNode = FALSE
	EndGlobalSection
	GlobalSection(ExtensibilityGlobals) = postSolution
		SolutionGuid = {6E06F47E-A8B8-430B-87D5-A457AC74A366}
	EndGlobalSection
EndGlobal
